// !$*UTF8*$!
{
	archiveVersion = 1;
	classes = {
	};
	objectVersion = 56;
	objects = {

/* Begin PBXBuildFile section */
		1A17D5171B6986F379A28CCF /* Pods_iOSUIKitTests.framework in Frameworks */ = {isa = PBXBuildFile; fileRef = AE49BF35D82057CBF2E4E506 /* Pods_iOSUIKitTests.framework */; };
		2A0BDD6465430859079072C1 /* Pods_iOSUIKit.framework in Frameworks */ = {isa = PBXBuildFile; fileRef = 5D96C97E5FC76F77C3279692 /* Pods_iOSUIKit.framework */; };
		37EDD8D58DAFC545D348CF1A /* Pods_iOSUIKit_iOSUIKitUITests.framework in Frameworks */ = {isa = PBXBuildFile; fileRef = 9F66EB17B955AFF83FBF373B /* Pods_iOSUIKit_iOSUIKitUITests.framework */; };
		5285B6142D3B55D3001D542E /* iOSUIKitFramework.docc in Sources */ = {isa = PBXBuildFile; fileRef = 5285B6132D3B55D3001D542E /* iOSUIKitFramework.docc */; };
		5285B61A2D3B55D3001D542E /* iOSUIKitFramework.framework in Frameworks */ = {isa = PBXBuildFile; fileRef = 5285B6102D3B55D3001D542E /* iOSUIKitFramework.framework */; };
		5285B6212D3B55D3001D542E /* iOSUIKitFrameworkTests.swift in Sources */ = {isa = PBXBuildFile; fileRef = 5285B6202D3B55D3001D542E /* iOSUIKitFrameworkTests.swift */; };
		5285B6222D3B55D3001D542E /* iOSUIKitFramework.h in Headers */ = {isa = PBXBuildFile; fileRef = 5285B6122D3B55D3001D542E /* iOSUIKitFramework.h */; settings = {ATTRIBUTES = (Public, ); }; };
		5285B6252D3B55D3001D542E /* iOSUIKitFramework.framework in Frameworks */ = {isa = PBXBuildFile; fileRef = 5285B6102D3B55D3001D542E /* iOSUIKitFramework.framework */; };
		5285B6262D3B55D3001D542E /* iOSUIKitFramework.framework in Embed Frameworks */ = {isa = PBXBuildFile; fileRef = 5285B6102D3B55D3001D542E /* iOSUIKitFramework.framework */; settings = {ATTRIBUTES = (CodeSignOnCopy, RemoveHeadersOnCopy, ); }; };
		52BE6A642D3A1970009C34C1 /* AppDelegate.swift in Sources */ = {isa = PBXBuildFile; fileRef = 52BE6A632D3A1970009C34C1 /* AppDelegate.swift */; };
		52BE6A662D3A1970009C34C1 /* SceneDelegate.swift in Sources */ = {isa = PBXBuildFile; fileRef = 52BE6A652D3A1970009C34C1 /* SceneDelegate.swift */; };
		52BE6A682D3A1970009C34C1 /* ViewController.swift in Sources */ = {isa = PBXBuildFile; fileRef = 52BE6A672D3A1970009C34C1 /* ViewController.swift */; };
		52BE6A6B2D3A1970009C34C1 /* Base in Resources */ = {isa = PBXBuildFile; fileRef = 52BE6A6A2D3A1970009C34C1 /* Base */; };
		52BE6A6D2D3A1971009C34C1 /* Assets.xcassets in Resources */ = {isa = PBXBuildFile; fileRef = 52BE6A6C2D3A1971009C34C1 /* Assets.xcassets */; };
		52BE6A702D3A1971009C34C1 /* Base in Resources */ = {isa = PBXBuildFile; fileRef = 52BE6A6F2D3A1971009C34C1 /* Base */; };
		52BE6A7B2D3A1972009C34C1 /* iOSUIKitTests.swift in Sources */ = {isa = PBXBuildFile; fileRef = 52BE6A7A2D3A1972009C34C1 /* iOSUIKitTests.swift */; };
		52BE6A852D3A1972009C34C1 /* iOSUIKitUITests.swift in Sources */ = {isa = PBXBuildFile; fileRef = 52BE6A842D3A1972009C34C1 /* iOSUIKitUITests.swift */; };
		52BE6A872D3A1972009C34C1 /* iOSUIKitUITestsLaunchTests.swift in Sources */ = {isa = PBXBuildFile; fileRef = 52BE6A862D3A1972009C34C1 /* iOSUIKitUITestsLaunchTests.swift */; };
		52BE6AB52D3B3E02009C34C1 /* DSWaitingScreenViewController.swift in Sources */ = {isa = PBXBuildFile; fileRef = 52BE6A932D3B3E02009C34C1 /* DSWaitingScreenViewController.swift */; };
		52BE6AB62D3B3E02009C34C1 /* DSWaitingScreenAccessibility.swift in Sources */ = {isa = PBXBuildFile; fileRef = 52BE6A952D3B3E02009C34C1 /* DSWaitingScreenAccessibility.swift */; };
		52BE6AB72D3B3E02009C34C1 /* DSWaitingScreenDelegate.swift in Sources */ = {isa = PBXBuildFile; fileRef = 52BE6A962D3B3E02009C34C1 /* DSWaitingScreenDelegate.swift */; };
		52BE6AB82D3B3E02009C34C1 /* DSWaitingScreenInterface.swift in Sources */ = {isa = PBXBuildFile; fileRef = 52BE6A972D3B3E02009C34C1 /* DSWaitingScreenInterface.swift */; };
		52BE6AB92D3B3E02009C34C1 /* DSWaitingScreenViewModel.swift in Sources */ = {isa = PBXBuildFile; fileRef = 52BE6A982D3B3E02009C34C1 /* DSWaitingScreenViewModel.swift */; };
		52BE6ABA2D3B3E02009C34C1 /* WaitingScreenMediaView.swift in Sources */ = {isa = PBXBuildFile; fileRef = 52BE6A9A2D3B3E02009C34C1 /* WaitingScreenMediaView.swift */; };
		52BE6ABB2D3B3E02009C34C1 /* DSWaitingScreen.swift in Sources */ = {isa = PBXBuildFile; fileRef = 52BE6A9C2D3B3E02009C34C1 /* DSWaitingScreen.swift */; };
		52BE6ABC2D3B3E02009C34C1 /* UIImageViewExtension.swift in Sources */ = {isa = PBXBuildFile; fileRef = 52BE6A9F2D3B3E02009C34C1 /* UIImageViewExtension.swift */; };
		52BE6ABD2D3B3E02009C34C1 /* UIStackViewExtension.swift in Sources */ = {isa = PBXBuildFile; fileRef = 52BE6AA02D3B3E02009C34C1 /* UIStackViewExtension.swift */; };
		52BE6ABE2D3B3E02009C34C1 /* UIViewExtension.swift in Sources */ = {isa = PBXBuildFile; fileRef = 52BE6AA12D3B3E02009C34C1 /* UIViewExtension.swift */; };
		52BE6ABF2D3B3E02009C34C1 /* KcsUIKitFlowViewController.swift in Sources */ = {isa = PBXBuildFile; fileRef = 52BE6AA32D3B3E02009C34C1 /* KcsUIKitFlowViewController.swift */; };
		52BE6AC02D3B3E02009C34C1 /* KcsUIKitFlowViewController.xib in Resources */ = {isa = PBXBuildFile; fileRef = 52BE6AA42D3B3E02009C34C1 /* KcsUIKitFlowViewController.xib */; };
		52BE6AC12D3B3E02009C34C1 /* KcsLandingViewController.swift in Sources */ = {isa = PBXBuildFile; fileRef = 52BE6AA62D3B3E02009C34C1 /* KcsLandingViewController.swift */; };
		52BE6AC22D3B3E02009C34C1 /* KcsLandingViewController.xib in Resources */ = {isa = PBXBuildFile; fileRef = 52BE6AA72D3B3E02009C34C1 /* KcsLandingViewController.xib */; };
		52BE6AC32D3B3E02009C34C1 /* KcsWaitingScreenEntryPointViewController.swift in Sources */ = {isa = PBXBuildFile; fileRef = 52BE6AA92D3B3E02009C34C1 /* KcsWaitingScreenEntryPointViewController.swift */; };
		52BE6AC42D3B3E02009C34C1 /* KcsWaitingScreenEntryPointViewController.xib in Resources */ = {isa = PBXBuildFile; fileRef = 52BE6AAA2D3B3E02009C34C1 /* KcsWaitingScreenEntryPointViewController.xib */; };
		52BE6AC52D3B3E02009C34C1 /* KcsWaitingScreenViewController.swift in Sources */ = {isa = PBXBuildFile; fileRef = 52BE6AAB2D3B3E02009C34C1 /* KcsWaitingScreenViewController.swift */; };
		52BE6AC62D3B3E02009C34C1 /* KcsWaitingScreenViewController.xib in Resources */ = {isa = PBXBuildFile; fileRef = 52BE6AAC2D3B3E02009C34C1 /* KcsWaitingScreenViewController.xib */; };
		52BE6AC72D3B3E02009C34C1 /* KitchenSinkNavigationView.swift in Sources */ = {isa = PBXBuildFile; fileRef = 52BE6AAE2D3B3E02009C34C1 /* KitchenSinkNavigationView.swift */; };
		52BE6AC82D3B3E02009C34C1 /* KitchenSinkNavigationView.xib in Resources */ = {isa = PBXBuildFile; fileRef = 52BE6AAF2D3B3E02009C34C1 /* KitchenSinkNavigationView.xib */; };
		52BE6AC92D3B3E02009C34C1 /* UIKitViewController.swift in Sources */ = {isa = PBXBuildFile; fileRef = 52BE6AB22D3B3E02009C34C1 /* UIKitViewController.swift */; };
/* End PBXBuildFile section */

/* Begin PBXContainerItemProxy section */
		5285B61B2D3B55D3001D542E /* PBXContainerItemProxy */ = {
			isa = PBXContainerItemProxy;
			containerPortal = 52BE6A582D3A1970009C34C1 /* Project object */;
			proxyType = 1;
			remoteGlobalIDString = 5285B60F2D3B55D3001D542E;
			remoteInfo = iOSUIKitFramework;
		};
		5285B61D2D3B55D3001D542E /* PBXContainerItemProxy */ = {
			isa = PBXContainerItemProxy;
			containerPortal = 52BE6A582D3A1970009C34C1 /* Project object */;
			proxyType = 1;
			remoteGlobalIDString = 52BE6A5F2D3A1970009C34C1;
			remoteInfo = iOSUIKit;
		};
		5285B6232D3B55D3001D542E /* PBXContainerItemProxy */ = {
			isa = PBXContainerItemProxy;
			containerPortal = 52BE6A582D3A1970009C34C1 /* Project object */;
			proxyType = 1;
			remoteGlobalIDString = 5285B60F2D3B55D3001D542E;
			remoteInfo = iOSUIKitFramework;
		};
		52BE6A772D3A1972009C34C1 /* PBXContainerItemProxy */ = {
			isa = PBXContainerItemProxy;
			containerPortal = 52BE6A582D3A1970009C34C1 /* Project object */;
			proxyType = 1;
			remoteGlobalIDString = 52BE6A5F2D3A1970009C34C1;
			remoteInfo = iOSUIKit;
		};
		52BE6A812D3A1972009C34C1 /* PBXContainerItemProxy */ = {
			isa = PBXContainerItemProxy;
			containerPortal = 52BE6A582D3A1970009C34C1 /* Project object */;
			proxyType = 1;
			remoteGlobalIDString = 52BE6A5F2D3A1970009C34C1;
			remoteInfo = iOSUIKit;
		};
/* End PBXContainerItemProxy section */

/* Begin PBXCopyFilesBuildPhase section */
		5285B6272D3B55D3001D542E /* Embed Frameworks */ = {
			isa = PBXCopyFilesBuildPhase;
			buildActionMask = 2147483647;
			dstPath = "";
			dstSubfolderSpec = 10;
			files = (
				5285B6262D3B55D3001D542E /* iOSUIKitFramework.framework in Embed Frameworks */,
			);
			name = "Embed Frameworks";
			runOnlyForDeploymentPostprocessing = 0;
		};
/* End PBXCopyFilesBuildPhase section */

/* Begin PBXFileReference section */
		340FD72ED0D08CD9342B54C2 /* Pods-iOSUIKit.debug.xcconfig */ = {isa = PBXFileReference; includeInIndex = 1; lastKnownFileType = text.xcconfig; name = "Pods-iOSUIKit.debug.xcconfig"; path = "Target Support Files/Pods-iOSUIKit/Pods-iOSUIKit.debug.xcconfig"; sourceTree = "<group>"; };
		44BAD09AFD6442BC38E5919E /* Pods-iOSUIKit-iOSUIKitUITests.debug.xcconfig */ = {isa = PBXFileReference; includeInIndex = 1; lastKnownFileType = text.xcconfig; name = "Pods-iOSUIKit-iOSUIKitUITests.debug.xcconfig"; path = "Target Support Files/Pods-iOSUIKit-iOSUIKitUITests/Pods-iOSUIKit-iOSUIKitUITests.debug.xcconfig"; sourceTree = "<group>"; };
		5285B6102D3B55D3001D542E /* iOSUIKitFramework.framework */ = {isa = PBXFileReference; explicitFileType = wrapper.framework; includeInIndex = 0; path = iOSUIKitFramework.framework; sourceTree = BUILT_PRODUCTS_DIR; };
		5285B6122D3B55D3001D542E /* iOSUIKitFramework.h */ = {isa = PBXFileReference; lastKnownFileType = sourcecode.c.h; path = iOSUIKitFramework.h; sourceTree = "<group>"; };
		5285B6132D3B55D3001D542E /* iOSUIKitFramework.docc */ = {isa = PBXFileReference; lastKnownFileType = folder.documentationcatalog; path = iOSUIKitFramework.docc; sourceTree = "<group>"; };
		5285B6192D3B55D3001D542E /* iOSUIKitFrameworkTests.xctest */ = {isa = PBXFileReference; explicitFileType = wrapper.cfbundle; includeInIndex = 0; path = iOSUIKitFrameworkTests.xctest; sourceTree = BUILT_PRODUCTS_DIR; };
		5285B6202D3B55D3001D542E /* iOSUIKitFrameworkTests.swift */ = {isa = PBXFileReference; lastKnownFileType = sourcecode.swift; path = iOSUIKitFrameworkTests.swift; sourceTree = "<group>"; };
		52BE6A602D3A1970009C34C1 /* iOSUIKit.app */ = {isa = PBXFileReference; explicitFileType = wrapper.application; includeInIndex = 0; path = iOSUIKit.app; sourceTree = BUILT_PRODUCTS_DIR; };
		52BE6A632D3A1970009C34C1 /* AppDelegate.swift */ = {isa = PBXFileReference; lastKnownFileType = sourcecode.swift; path = AppDelegate.swift; sourceTree = "<group>"; };
		52BE6A652D3A1970009C34C1 /* SceneDelegate.swift */ = {isa = PBXFileReference; lastKnownFileType = sourcecode.swift; path = SceneDelegate.swift; sourceTree = "<group>"; };
		52BE6A672D3A1970009C34C1 /* ViewController.swift */ = {isa = PBXFileReference; lastKnownFileType = sourcecode.swift; path = ViewController.swift; sourceTree = "<group>"; };
		52BE6A6A2D3A1970009C34C1 /* Base */ = {isa = PBXFileReference; lastKnownFileType = file.storyboard; name = Base; path = Base.lproj/Main.storyboard; sourceTree = "<group>"; };
		52BE6A6C2D3A1971009C34C1 /* Assets.xcassets */ = {isa = PBXFileReference; lastKnownFileType = folder.assetcatalog; path = Assets.xcassets; sourceTree = "<group>"; };
		52BE6A6F2D3A1971009C34C1 /* Base */ = {isa = PBXFileReference; lastKnownFileType = file.storyboard; name = Base; path = Base.lproj/LaunchScreen.storyboard; sourceTree = "<group>"; };
		52BE6A712D3A1971009C34C1 /* Info.plist */ = {isa = PBXFileReference; lastKnownFileType = text.plist.xml; path = Info.plist; sourceTree = "<group>"; };
		52BE6A762D3A1972009C34C1 /* iOSUIKitTests.xctest */ = {isa = PBXFileReference; explicitFileType = wrapper.cfbundle; includeInIndex = 0; path = iOSUIKitTests.xctest; sourceTree = BUILT_PRODUCTS_DIR; };
		52BE6A7A2D3A1972009C34C1 /* iOSUIKitTests.swift */ = {isa = PBXFileReference; lastKnownFileType = sourcecode.swift; path = iOSUIKitTests.swift; sourceTree = "<group>"; };
		52BE6A802D3A1972009C34C1 /* iOSUIKitUITests.xctest */ = {isa = PBXFileReference; explicitFileType = wrapper.cfbundle; includeInIndex = 0; path = iOSUIKitUITests.xctest; sourceTree = BUILT_PRODUCTS_DIR; };
		52BE6A842D3A1972009C34C1 /* iOSUIKitUITests.swift */ = {isa = PBXFileReference; lastKnownFileType = sourcecode.swift; path = iOSUIKitUITests.swift; sourceTree = "<group>"; };
		52BE6A862D3A1972009C34C1 /* iOSUIKitUITestsLaunchTests.swift */ = {isa = PBXFileReference; lastKnownFileType = sourcecode.swift; path = iOSUIKitUITestsLaunchTests.swift; sourceTree = "<group>"; };
		52BE6A932D3B3E02009C34C1 /* DSWaitingScreenViewController.swift */ = {isa = PBXFileReference; fileEncoding = 4; lastKnownFileType = sourcecode.swift; path = DSWaitingScreenViewController.swift; sourceTree = "<group>"; };
		52BE6A952D3B3E02009C34C1 /* DSWaitingScreenAccessibility.swift */ = {isa = PBXFileReference; fileEncoding = 4; lastKnownFileType = sourcecode.swift; path = DSWaitingScreenAccessibility.swift; sourceTree = "<group>"; };
		52BE6A962D3B3E02009C34C1 /* DSWaitingScreenDelegate.swift */ = {isa = PBXFileReference; fileEncoding = 4; lastKnownFileType = sourcecode.swift; path = DSWaitingScreenDelegate.swift; sourceTree = "<group>"; };
		52BE6A972D3B3E02009C34C1 /* DSWaitingScreenInterface.swift */ = {isa = PBXFileReference; fileEncoding = 4; lastKnownFileType = sourcecode.swift; path = DSWaitingScreenInterface.swift; sourceTree = "<group>"; };
		52BE6A982D3B3E02009C34C1 /* DSWaitingScreenViewModel.swift */ = {isa = PBXFileReference; fileEncoding = 4; lastKnownFileType = sourcecode.swift; path = DSWaitingScreenViewModel.swift; sourceTree = "<group>"; };
		52BE6A9A2D3B3E02009C34C1 /* WaitingScreenMediaView.swift */ = {isa = PBXFileReference; fileEncoding = 4; lastKnownFileType = sourcecode.swift; path = WaitingScreenMediaView.swift; sourceTree = "<group>"; };
		52BE6A9C2D3B3E02009C34C1 /* DSWaitingScreen.swift */ = {isa = PBXFileReference; fileEncoding = 4; lastKnownFileType = sourcecode.swift; path = DSWaitingScreen.swift; sourceTree = "<group>"; };
		52BE6A9F2D3B3E02009C34C1 /* UIImageViewExtension.swift */ = {isa = PBXFileReference; fileEncoding = 4; lastKnownFileType = sourcecode.swift; path = UIImageViewExtension.swift; sourceTree = "<group>"; };
		52BE6AA02D3B3E02009C34C1 /* UIStackViewExtension.swift */ = {isa = PBXFileReference; fileEncoding = 4; lastKnownFileType = sourcecode.swift; path = UIStackViewExtension.swift; sourceTree = "<group>"; };
		52BE6AA12D3B3E02009C34C1 /* UIViewExtension.swift */ = {isa = PBXFileReference; fileEncoding = 4; lastKnownFileType = sourcecode.swift; path = UIViewExtension.swift; sourceTree = "<group>"; };
		52BE6AA32D3B3E02009C34C1 /* KcsUIKitFlowViewController.swift */ = {isa = PBXFileReference; fileEncoding = 4; lastKnownFileType = sourcecode.swift; path = KcsUIKitFlowViewController.swift; sourceTree = "<group>"; };
		52BE6AA42D3B3E02009C34C1 /* KcsUIKitFlowViewController.xib */ = {isa = PBXFileReference; fileEncoding = 4; lastKnownFileType = file.xib; path = KcsUIKitFlowViewController.xib; sourceTree = "<group>"; };
		52BE6AA62D3B3E02009C34C1 /* KcsLandingViewController.swift */ = {isa = PBXFileReference; fileEncoding = 4; lastKnownFileType = sourcecode.swift; path = KcsLandingViewController.swift; sourceTree = "<group>"; };
		52BE6AA72D3B3E02009C34C1 /* KcsLandingViewController.xib */ = {isa = PBXFileReference; fileEncoding = 4; lastKnownFileType = file.xib; path = KcsLandingViewController.xib; sourceTree = "<group>"; };
		52BE6AA92D3B3E02009C34C1 /* KcsWaitingScreenEntryPointViewController.swift */ = {isa = PBXFileReference; fileEncoding = 4; lastKnownFileType = sourcecode.swift; path = KcsWaitingScreenEntryPointViewController.swift; sourceTree = "<group>"; };
		52BE6AAA2D3B3E02009C34C1 /* KcsWaitingScreenEntryPointViewController.xib */ = {isa = PBXFileReference; fileEncoding = 4; lastKnownFileType = file.xib; path = KcsWaitingScreenEntryPointViewController.xib; sourceTree = "<group>"; };
		52BE6AAB2D3B3E02009C34C1 /* KcsWaitingScreenViewController.swift */ = {isa = PBXFileReference; fileEncoding = 4; lastKnownFileType = sourcecode.swift; path = KcsWaitingScreenViewController.swift; sourceTree = "<group>"; };
		52BE6AAC2D3B3E02009C34C1 /* KcsWaitingScreenViewController.xib */ = {isa = PBXFileReference; fileEncoding = 4; lastKnownFileType = file.xib; path = KcsWaitingScreenViewController.xib; sourceTree = "<group>"; };
		52BE6AAE2D3B3E02009C34C1 /* KitchenSinkNavigationView.swift */ = {isa = PBXFileReference; fileEncoding = 4; lastKnownFileType = sourcecode.swift; path = KitchenSinkNavigationView.swift; sourceTree = "<group>"; };
		52BE6AAF2D3B3E02009C34C1 /* KitchenSinkNavigationView.xib */ = {isa = PBXFileReference; fileEncoding = 4; lastKnownFileType = file.xib; path = KitchenSinkNavigationView.xib; sourceTree = "<group>"; };
		52BE6AB22D3B3E02009C34C1 /* UIKitViewController.swift */ = {isa = PBXFileReference; fileEncoding = 4; lastKnownFileType = sourcecode.swift; path = UIKitViewController.swift; sourceTree = "<group>"; };
		55C5497C0D82C002EC5AB8F3 /* Pods-iOSUIKit-iOSUIKitUITests.release.xcconfig */ = {isa = PBXFileReference; includeInIndex = 1; lastKnownFileType = text.xcconfig; name = "Pods-iOSUIKit-iOSUIKitUITests.release.xcconfig"; path = "Target Support Files/Pods-iOSUIKit-iOSUIKitUITests/Pods-iOSUIKit-iOSUIKitUITests.release.xcconfig"; sourceTree = "<group>"; };
		57EEEF9853D1AF3A652C7018 /* Pods-iOSUIKit.release.xcconfig */ = {isa = PBXFileReference; includeInIndex = 1; lastKnownFileType = text.xcconfig; name = "Pods-iOSUIKit.release.xcconfig"; path = "Target Support Files/Pods-iOSUIKit/Pods-iOSUIKit.release.xcconfig"; sourceTree = "<group>"; };
		5D96C97E5FC76F77C3279692 /* Pods_iOSUIKit.framework */ = {isa = PBXFileReference; explicitFileType = wrapper.framework; includeInIndex = 0; path = Pods_iOSUIKit.framework; sourceTree = BUILT_PRODUCTS_DIR; };
		85CE3423D55962BC1CD91589 /* Pods-iOSUIKitTests.debug.xcconfig */ = {isa = PBXFileReference; includeInIndex = 1; lastKnownFileType = text.xcconfig; name = "Pods-iOSUIKitTests.debug.xcconfig"; path = "Target Support Files/Pods-iOSUIKitTests/Pods-iOSUIKitTests.debug.xcconfig"; sourceTree = "<group>"; };
		9F66EB17B955AFF83FBF373B /* Pods_iOSUIKit_iOSUIKitUITests.framework */ = {isa = PBXFileReference; explicitFileType = wrapper.framework; includeInIndex = 0; path = Pods_iOSUIKit_iOSUIKitUITests.framework; sourceTree = BUILT_PRODUCTS_DIR; };
		AE49BF35D82057CBF2E4E506 /* Pods_iOSUIKitTests.framework */ = {isa = PBXFileReference; explicitFileType = wrapper.framework; includeInIndex = 0; path = Pods_iOSUIKitTests.framework; sourceTree = BUILT_PRODUCTS_DIR; };
		DCBCEA6EAE94E6001BBB38A6 /* Pods-iOSUIKitTests.release.xcconfig */ = {isa = PBXFileReference; includeInIndex = 1; lastKnownFileType = text.xcconfig; name = "Pods-iOSUIKitTests.release.xcconfig"; path = "Target Support Files/Pods-iOSUIKitTests/Pods-iOSUIKitTests.release.xcconfig"; sourceTree = "<group>"; };
/* End PBXFileReference section */

/* Begin PBXFrameworksBuildPhase section */
		5285B60D2D3B55D3001D542E /* Frameworks */ = {
			isa = PBXFrameworksBuildPhase;
			buildActionMask = 2147483647;
			files = (
			);
			runOnlyForDeploymentPostprocessing = 0;
		};
		5285B6162D3B55D3001D542E /* Frameworks */ = {
			isa = PBXFrameworksBuildPhase;
			buildActionMask = 2147483647;
			files = (
				5285B61A2D3B55D3001D542E /* iOSUIKitFramework.framework in Frameworks */,
			);
			runOnlyForDeploymentPostprocessing = 0;
		};
		52BE6A5D2D3A1970009C34C1 /* Frameworks */ = {
			isa = PBXFrameworksBuildPhase;
			buildActionMask = 2147483647;
			files = (
				5285B6252D3B55D3001D542E /* iOSUIKitFramework.framework in Frameworks */,
				2A0BDD6465430859079072C1 /* Pods_iOSUIKit.framework in Frameworks */,
			);
			runOnlyForDeploymentPostprocessing = 0;
		};
		52BE6A732D3A1972009C34C1 /* Frameworks */ = {
			isa = PBXFrameworksBuildPhase;
			buildActionMask = 2147483647;
			files = (
				1A17D5171B6986F379A28CCF /* Pods_iOSUIKitTests.framework in Frameworks */,
			);
			runOnlyForDeploymentPostprocessing = 0;
		};
		52BE6A7D2D3A1972009C34C1 /* Frameworks */ = {
			isa = PBXFrameworksBuildPhase;
			buildActionMask = 2147483647;
			files = (
				37EDD8D58DAFC545D348CF1A /* Pods_iOSUIKit_iOSUIKitUITests.framework in Frameworks */,
			);
			runOnlyForDeploymentPostprocessing = 0;
		};
/* End PBXFrameworksBuildPhase section */

/* Begin PBXGroup section */
		5285B6112D3B55D3001D542E /* iOSUIKitFramework */ = {
			isa = PBXGroup;
			children = (
				5285B6122D3B55D3001D542E /* iOSUIKitFramework.h */,
				5285B6132D3B55D3001D542E /* iOSUIKitFramework.docc */,
			);
			path = iOSUIKitFramework;
			sourceTree = "<group>";
		};
		5285B61F2D3B55D3001D542E /* iOSUIKitFrameworkTests */ = {
			isa = PBXGroup;
			children = (
				5285B6202D3B55D3001D542E /* iOSUIKitFrameworkTests.swift */,
			);
			path = iOSUIKitFrameworkTests;
			sourceTree = "<group>";
		};
		52BE6A572D3A1970009C34C1 = {
			isa = PBXGroup;
			children = (
				52BE6A622D3A1970009C34C1 /* iOSUIKit */,
				52BE6A792D3A1972009C34C1 /* iOSUIKitTests */,
				52BE6A832D3A1972009C34C1 /* iOSUIKitUITests */,
				5285B6112D3B55D3001D542E /* iOSUIKitFramework */,
				5285B61F2D3B55D3001D542E /* iOSUIKitFrameworkTests */,
				52BE6A612D3A1970009C34C1 /* Products */,
				847C3D738CCBC0507E8CC67D /* Pods */,
				6DD9B5A11BA12547C2652C47 /* Frameworks */,
			);
			sourceTree = "<group>";
		};
		52BE6A612D3A1970009C34C1 /* Products */ = {
			isa = PBXGroup;
			children = (
				52BE6A602D3A1970009C34C1 /* iOSUIKit.app */,
				52BE6A762D3A1972009C34C1 /* iOSUIKitTests.xctest */,
				52BE6A802D3A1972009C34C1 /* iOSUIKitUITests.xctest */,
				5285B6102D3B55D3001D542E /* iOSUIKitFramework.framework */,
				5285B6192D3B55D3001D542E /* iOSUIKitFrameworkTests.xctest */,
			);
			name = Products;
			sourceTree = "<group>";
		};
		52BE6A622D3A1970009C34C1 /* iOSUIKit */ = {
			isa = PBXGroup;
			children = (
				52BE6AB42D3B3E02009C34C1 /* Source */,
				52BE6A632D3A1970009C34C1 /* AppDelegate.swift */,
				52BE6A652D3A1970009C34C1 /* SceneDelegate.swift */,
				52BE6A672D3A1970009C34C1 /* ViewController.swift */,
				52BE6A692D3A1970009C34C1 /* Main.storyboard */,
				52BE6A6C2D3A1971009C34C1 /* Assets.xcassets */,
				52BE6A6E2D3A1971009C34C1 /* LaunchScreen.storyboard */,
				52BE6A712D3A1971009C34C1 /* Info.plist */,
			);
			path = iOSUIKit;
			sourceTree = "<group>";
		};
		52BE6A792D3A1972009C34C1 /* iOSUIKitTests */ = {
			isa = PBXGroup;
			children = (
				52BE6A7A2D3A1972009C34C1 /* iOSUIKitTests.swift */,
			);
			path = iOSUIKitTests;
			sourceTree = "<group>";
		};
		52BE6A832D3A1972009C34C1 /* iOSUIKitUITests */ = {
			isa = PBXGroup;
			children = (
				52BE6A842D3A1972009C34C1 /* iOSUIKitUITests.swift */,
				52BE6A862D3A1972009C34C1 /* iOSUIKitUITestsLaunchTests.swift */,
			);
			path = iOSUIKitUITests;
			sourceTree = "<group>";
		};
		52BE6A942D3B3E02009C34C1 /* Controller */ = {
			isa = PBXGroup;
			children = (
				52BE6A932D3B3E02009C34C1 /* DSWaitingScreenViewController.swift */,
			);
			path = Controller;
			sourceTree = "<group>";
		};
		52BE6A992D3B3E02009C34C1 /* Model */ = {
			isa = PBXGroup;
			children = (
				52BE6A952D3B3E02009C34C1 /* DSWaitingScreenAccessibility.swift */,
				52BE6A962D3B3E02009C34C1 /* DSWaitingScreenDelegate.swift */,
				52BE6A972D3B3E02009C34C1 /* DSWaitingScreenInterface.swift */,
				52BE6A982D3B3E02009C34C1 /* DSWaitingScreenViewModel.swift */,
			);
			path = Model;
			sourceTree = "<group>";
		};
		52BE6A9B2D3B3E02009C34C1 /* View */ = {
			isa = PBXGroup;
			children = (
				52BE6A9A2D3B3E02009C34C1 /* WaitingScreenMediaView.swift */,
			);
			path = View;
			sourceTree = "<group>";
		};
		52BE6A9D2D3B3E02009C34C1 /* DSWaitingScreen */ = {
			isa = PBXGroup;
			children = (
				52BE6A942D3B3E02009C34C1 /* Controller */,
				52BE6A992D3B3E02009C34C1 /* Model */,
				52BE6A9B2D3B3E02009C34C1 /* View */,
				52BE6A9C2D3B3E02009C34C1 /* DSWaitingScreen.swift */,
			);
			path = DSWaitingScreen;
			sourceTree = "<group>";
		};
		52BE6A9E2D3B3E02009C34C1 /* Component */ = {
			isa = PBXGroup;
			children = (
				52BE6A9D2D3B3E02009C34C1 /* DSWaitingScreen */,
			);
			path = Component;
			sourceTree = "<group>";
		};
		52BE6AA22D3B3E02009C34C1 /* Extensions */ = {
			isa = PBXGroup;
			children = (
				52BE6A9F2D3B3E02009C34C1 /* UIImageViewExtension.swift */,
				52BE6AA02D3B3E02009C34C1 /* UIStackViewExtension.swift */,
				52BE6AA12D3B3E02009C34C1 /* UIViewExtension.swift */,
			);
			path = Extensions;
			sourceTree = "<group>";
		};
		52BE6AA52D3B3E02009C34C1 /* UIKit */ = {
			isa = PBXGroup;
			children = (
				52BE6AA32D3B3E02009C34C1 /* KcsUIKitFlowViewController.swift */,
				52BE6AA42D3B3E02009C34C1 /* KcsUIKitFlowViewController.xib */,
			);
			path = UIKit;
			sourceTree = "<group>";
		};
		52BE6AA82D3B3E02009C34C1 /* KcsLanding */ = {
			isa = PBXGroup;
			children = (
				52BE6AA52D3B3E02009C34C1 /* UIKit */,
				52BE6AA62D3B3E02009C34C1 /* KcsLandingViewController.swift */,
				52BE6AA72D3B3E02009C34C1 /* KcsLandingViewController.xib */,
			);
			path = KcsLanding;
			sourceTree = "<group>";
		};
		52BE6AAD2D3B3E02009C34C1 /* KcsWaitingScreen */ = {
			isa = PBXGroup;
			children = (
				52BE6AA92D3B3E02009C34C1 /* KcsWaitingScreenEntryPointViewController.swift */,
				52BE6AAA2D3B3E02009C34C1 /* KcsWaitingScreenEntryPointViewController.xib */,
				52BE6AAB2D3B3E02009C34C1 /* KcsWaitingScreenViewController.swift */,
				52BE6AAC2D3B3E02009C34C1 /* KcsWaitingScreenViewController.xib */,
			);
			path = KcsWaitingScreen;
			sourceTree = "<group>";
		};
		52BE6AB02D3B3E02009C34C1 /* KitchenSinkNavigationBar */ = {
			isa = PBXGroup;
			children = (
				52BE6AAE2D3B3E02009C34C1 /* KitchenSinkNavigationView.swift */,
				52BE6AAF2D3B3E02009C34C1 /* KitchenSinkNavigationView.xib */,
			);
			path = KitchenSinkNavigationBar;
			sourceTree = "<group>";
		};
		52BE6AB12D3B3E02009C34C1 /* KitchenSinkPages */ = {
			isa = PBXGroup;
			children = (
				52BE6AA82D3B3E02009C34C1 /* KcsLanding */,
				52BE6AAD2D3B3E02009C34C1 /* KcsWaitingScreen */,
				52BE6AB02D3B3E02009C34C1 /* KitchenSinkNavigationBar */,
			);
			path = KitchenSinkPages;
			sourceTree = "<group>";
		};
		52BE6AB32D3B3E02009C34C1 /* ViewController */ = {
			isa = PBXGroup;
			children = (
				52BE6AB22D3B3E02009C34C1 /* UIKitViewController.swift */,
			);
			path = ViewController;
			sourceTree = "<group>";
		};
		52BE6AB42D3B3E02009C34C1 /* Source */ = {
			isa = PBXGroup;
			children = (
				52BE6A9E2D3B3E02009C34C1 /* Component */,
				52BE6AA22D3B3E02009C34C1 /* Extensions */,
				52BE6AB12D3B3E02009C34C1 /* KitchenSinkPages */,
				52BE6AB32D3B3E02009C34C1 /* ViewController */,
			);
			path = Source;
			sourceTree = "<group>";
		};
		6DD9B5A11BA12547C2652C47 /* Frameworks */ = {
			isa = PBXGroup;
			children = (
				5D96C97E5FC76F77C3279692 /* Pods_iOSUIKit.framework */,
				9F66EB17B955AFF83FBF373B /* Pods_iOSUIKit_iOSUIKitUITests.framework */,
				AE49BF35D82057CBF2E4E506 /* Pods_iOSUIKitTests.framework */,
			);
			name = Frameworks;
			sourceTree = "<group>";
		};
		847C3D738CCBC0507E8CC67D /* Pods */ = {
			isa = PBXGroup;
			children = (
				340FD72ED0D08CD9342B54C2 /* Pods-iOSUIKit.debug.xcconfig */,
				57EEEF9853D1AF3A652C7018 /* Pods-iOSUIKit.release.xcconfig */,
				44BAD09AFD6442BC38E5919E /* Pods-iOSUIKit-iOSUIKitUITests.debug.xcconfig */,
				55C5497C0D82C002EC5AB8F3 /* Pods-iOSUIKit-iOSUIKitUITests.release.xcconfig */,
				85CE3423D55962BC1CD91589 /* Pods-iOSUIKitTests.debug.xcconfig */,
				DCBCEA6EAE94E6001BBB38A6 /* Pods-iOSUIKitTests.release.xcconfig */,
			);
			path = Pods;
			sourceTree = "<group>";
		};
/* End PBXGroup section */

/* Begin PBXHeadersBuildPhase section */
		5285B60B2D3B55D3001D542E /* Headers */ = {
			isa = PBXHeadersBuildPhase;
			buildActionMask = 2147483647;
			files = (
				5285B6222D3B55D3001D542E /* iOSUIKitFramework.h in Headers */,
			);
			runOnlyForDeploymentPostprocessing = 0;
		};
/* End PBXHeadersBuildPhase section */

/* Begin PBXNativeTarget section */
		5285B60F2D3B55D3001D542E /* iOSUIKitFramework */ = {
			isa = PBXNativeTarget;
			buildConfigurationList = 5285B62C2D3B55D3001D542E /* Build configuration list for PBXNativeTarget "iOSUIKitFramework" */;
			buildPhases = (
				5285B60B2D3B55D3001D542E /* Headers */,
				5285B60C2D3B55D3001D542E /* Sources */,
				5285B60D2D3B55D3001D542E /* Frameworks */,
				5285B60E2D3B55D3001D542E /* Resources */,
			);
			buildRules = (
			);
			dependencies = (
			);
			name = iOSUIKitFramework;
			productName = iOSUIKitFramework;
			productReference = 5285B6102D3B55D3001D542E /* iOSUIKitFramework.framework */;
			productType = "com.apple.product-type.framework";
		};
		5285B6182D3B55D3001D542E /* iOSUIKitFrameworkTests */ = {
			isa = PBXNativeTarget;
			buildConfigurationList = 5285B62D2D3B55D3001D542E /* Build configuration list for PBXNativeTarget "iOSUIKitFrameworkTests" */;
			buildPhases = (
				5285B6152D3B55D3001D542E /* Sources */,
				5285B6162D3B55D3001D542E /* Frameworks */,
				5285B6172D3B55D3001D542E /* Resources */,
			);
			buildRules = (
			);
			dependencies = (
				5285B61C2D3B55D3001D542E /* PBXTargetDependency */,
				5285B61E2D3B55D3001D542E /* PBXTargetDependency */,
			);
			name = iOSUIKitFrameworkTests;
			productName = iOSUIKitFrameworkTests;
			productReference = 5285B6192D3B55D3001D542E /* iOSUIKitFrameworkTests.xctest */;
			productType = "com.apple.product-type.bundle.unit-test";
		};
		52BE6A5F2D3A1970009C34C1 /* iOSUIKit */ = {
			isa = PBXNativeTarget;
			buildConfigurationList = 52BE6A8A2D3A1972009C34C1 /* Build configuration list for PBXNativeTarget "iOSUIKit" */;
			buildPhases = (
				035AC19AEA3CDA4FBF627119 /* [CP] Check Pods Manifest.lock */,
				52BE6A5C2D3A1970009C34C1 /* Sources */,
				52BE6A5D2D3A1970009C34C1 /* Frameworks */,
				52BE6A5E2D3A1970009C34C1 /* Resources */,
				C98023F1D8B2973C37EF0700 /* [CP] Embed Pods Frameworks */,
				5285B6272D3B55D3001D542E /* Embed Frameworks */,
			);
			buildRules = (
			);
			dependencies = (
				5285B6242D3B55D3001D542E /* PBXTargetDependency */,
			);
			name = iOSUIKit;
			productName = iOSUIKit;
			productReference = 52BE6A602D3A1970009C34C1 /* iOSUIKit.app */;
			productType = "com.apple.product-type.application";
		};
		52BE6A752D3A1972009C34C1 /* iOSUIKitTests */ = {
			isa = PBXNativeTarget;
			buildConfigurationList = 52BE6A8D2D3A1972009C34C1 /* Build configuration list for PBXNativeTarget "iOSUIKitTests" */;
			buildPhases = (
				55C0A5B54EA86081E1459A15 /* [CP] Check Pods Manifest.lock */,
				52BE6A722D3A1972009C34C1 /* Sources */,
				52BE6A732D3A1972009C34C1 /* Frameworks */,
				52BE6A742D3A1972009C34C1 /* Resources */,
			);
			buildRules = (
			);
			dependencies = (
				52BE6A782D3A1972009C34C1 /* PBXTargetDependency */,
			);
			name = iOSUIKitTests;
			productName = iOSUIKitTests;
			productReference = 52BE6A762D3A1972009C34C1 /* iOSUIKitTests.xctest */;
			productType = "com.apple.product-type.bundle.unit-test";
		};
		52BE6A7F2D3A1972009C34C1 /* iOSUIKitUITests */ = {
			isa = PBXNativeTarget;
			buildConfigurationList = 52BE6A902D3A1972009C34C1 /* Build configuration list for PBXNativeTarget "iOSUIKitUITests" */;
			buildPhases = (
				44CD8074B9B06261133FD874 /* [CP] Check Pods Manifest.lock */,
				52BE6A7C2D3A1972009C34C1 /* Sources */,
				52BE6A7D2D3A1972009C34C1 /* Frameworks */,
				52BE6A7E2D3A1972009C34C1 /* Resources */,
				11E68469CEE2DF7778909773 /* [CP] Embed Pods Frameworks */,
			);
			buildRules = (
			);
			dependencies = (
				52BE6A822D3A1972009C34C1 /* PBXTargetDependency */,
			);
			name = iOSUIKitUITests;
			productName = iOSUIKitUITests;
			productReference = 52BE6A802D3A1972009C34C1 /* iOSUIKitUITests.xctest */;
			productType = "com.apple.product-type.bundle.ui-testing";
		};
/* End PBXNativeTarget section */

/* Begin PBXProject section */
		52BE6A582D3A1970009C34C1 /* Project object */ = {
			isa = PBXProject;
			attributes = {
				BuildIndependentTargetsInParallel = 1;
				LastSwiftUpdateCheck = 1540;
				LastUpgradeCheck = 1540;
				TargetAttributes = {
					5285B60F2D3B55D3001D542E = {
						CreatedOnToolsVersion = 15.4;
					};
					5285B6182D3B55D3001D542E = {
						CreatedOnToolsVersion = 15.4;
						TestTargetID = 52BE6A5F2D3A1970009C34C1;
					};
					52BE6A5F2D3A1970009C34C1 = {
						CreatedOnToolsVersion = 15.4;
					};
					52BE6A752D3A1972009C34C1 = {
						CreatedOnToolsVersion = 15.4;
						TestTargetID = 52BE6A5F2D3A1970009C34C1;
					};
					52BE6A7F2D3A1972009C34C1 = {
						CreatedOnToolsVersion = 15.4;
						TestTargetID = 52BE6A5F2D3A1970009C34C1;
					};
				};
			};
			buildConfigurationList = 52BE6A5B2D3A1970009C34C1 /* Build configuration list for PBXProject "iOSUIKit" */;
			compatibilityVersion = "Xcode 14.0";
			developmentRegion = en;
			hasScannedForEncodings = 0;
			knownRegions = (
				en,
				Base,
			);
			mainGroup = 52BE6A572D3A1970009C34C1;
			productRefGroup = 52BE6A612D3A1970009C34C1 /* Products */;
			projectDirPath = "";
			projectRoot = "";
			targets = (
				52BE6A5F2D3A1970009C34C1 /* iOSUIKit */,
				52BE6A752D3A1972009C34C1 /* iOSUIKitTests */,
				52BE6A7F2D3A1972009C34C1 /* iOSUIKitUITests */,
				5285B60F2D3B55D3001D542E /* iOSUIKitFramework */,
				5285B6182D3B55D3001D542E /* iOSUIKitFrameworkTests */,
			);
		};
/* End PBXProject section */

/* Begin PBXResourcesBuildPhase section */
		5285B60E2D3B55D3001D542E /* Resources */ = {
			isa = PBXResourcesBuildPhase;
			buildActionMask = 2147483647;
			files = (
			);
			runOnlyForDeploymentPostprocessing = 0;
		};
		5285B6172D3B55D3001D542E /* Resources */ = {
			isa = PBXResourcesBuildPhase;
			buildActionMask = 2147483647;
			files = (
			);
			runOnlyForDeploymentPostprocessing = 0;
		};
		52BE6A5E2D3A1970009C34C1 /* Resources */ = {
			isa = PBXResourcesBuildPhase;
			buildActionMask = 2147483647;
			files = (
				52BE6A6D2D3A1971009C34C1 /* Assets.xcassets in Resources */,
				52BE6AC02D3B3E02009C34C1 /* KcsUIKitFlowViewController.xib in Resources */,
				52BE6A702D3A1971009C34C1 /* Base in Resources */,
				52BE6AC62D3B3E02009C34C1 /* KcsWaitingScreenViewController.xib in Resources */,
				52BE6AC82D3B3E02009C34C1 /* KitchenSinkNavigationView.xib in Resources */,
				52BE6A6B2D3A1970009C34C1 /* Base in Resources */,
				52BE6AC42D3B3E02009C34C1 /* KcsWaitingScreenEntryPointViewController.xib in Resources */,
				52BE6AC22D3B3E02009C34C1 /* KcsLandingViewController.xib in Resources */,
			);
			runOnlyForDeploymentPostprocessing = 0;
		};
		52BE6A742D3A1972009C34C1 /* Resources */ = {
			isa = PBXResourcesBuildPhase;
			buildActionMask = 2147483647;
			files = (
			);
			runOnlyForDeploymentPostprocessing = 0;
		};
		52BE6A7E2D3A1972009C34C1 /* Resources */ = {
			isa = PBXResourcesBuildPhase;
			buildActionMask = 2147483647;
			files = (
			);
			runOnlyForDeploymentPostprocessing = 0;
		};
/* End PBXResourcesBuildPhase section */

/* Begin PBXShellScriptBuildPhase section */
		035AC19AEA3CDA4FBF627119 /* [CP] Check Pods Manifest.lock */ = {
			isa = PBXShellScriptBuildPhase;
			buildActionMask = 2147483647;
			files = (
			);
			inputFileListPaths = (
			);
			inputPaths = (
				"${PODS_PODFILE_DIR_PATH}/Podfile.lock",
				"${PODS_ROOT}/Manifest.lock",
			);
			name = "[CP] Check Pods Manifest.lock";
			outputFileListPaths = (
			);
			outputPaths = (
				"$(DERIVED_FILE_DIR)/Pods-iOSUIKit-checkManifestLockResult.txt",
			);
			runOnlyForDeploymentPostprocessing = 0;
			shellPath = /bin/sh;
			shellScript = "diff \"${PODS_PODFILE_DIR_PATH}/Podfile.lock\" \"${PODS_ROOT}/Manifest.lock\" > /dev/null\nif [ $? != 0 ] ; then\n    # print error to STDERR\n    echo \"error: The sandbox is not in sync with the Podfile.lock. Run 'pod install' or update your CocoaPods installation.\" >&2\n    exit 1\nfi\n# This output is used by Xcode 'outputs' to avoid re-running this script phase.\necho \"SUCCESS\" > \"${SCRIPT_OUTPUT_FILE_0}\"\n";
			showEnvVarsInLog = 0;
		};
		11E68469CEE2DF7778909773 /* [CP] Embed Pods Frameworks */ = {
			isa = PBXShellScriptBuildPhase;
			buildActionMask = 2147483647;
			files = (
			);
			inputFileListPaths = (
			);
			name = "[CP] Embed Pods Frameworks";
			outputFileListPaths = (
			);
			runOnlyForDeploymentPostprocessing = 0;
			shellPath = /bin/sh;
			shellScript = "\"${PODS_ROOT}/Target Support Files/Pods-iOSUIKit-iOSUIKitUITests/Pods-iOSUIKit-iOSUIKitUITests-frameworks.sh\"\n";
			showEnvVarsInLog = 0;
		};
		44CD8074B9B06261133FD874 /* [CP] Check Pods Manifest.lock */ = {
			isa = PBXShellScriptBuildPhase;
			buildActionMask = 2147483647;
			files = (
			);
			inputFileListPaths = (
			);
			inputPaths = (
				"${PODS_PODFILE_DIR_PATH}/Podfile.lock",
				"${PODS_ROOT}/Manifest.lock",
			);
			name = "[CP] Check Pods Manifest.lock";
			outputFileListPaths = (
			);
			outputPaths = (
				"$(DERIVED_FILE_DIR)/Pods-iOSUIKit-iOSUIKitUITests-checkManifestLockResult.txt",
			);
			runOnlyForDeploymentPostprocessing = 0;
			shellPath = /bin/sh;
			shellScript = "diff \"${PODS_PODFILE_DIR_PATH}/Podfile.lock\" \"${PODS_ROOT}/Manifest.lock\" > /dev/null\nif [ $? != 0 ] ; then\n    # print error to STDERR\n    echo \"error: The sandbox is not in sync with the Podfile.lock. Run 'pod install' or update your CocoaPods installation.\" >&2\n    exit 1\nfi\n# This output is used by Xcode 'outputs' to avoid re-running this script phase.\necho \"SUCCESS\" > \"${SCRIPT_OUTPUT_FILE_0}\"\n";
			showEnvVarsInLog = 0;
		};
		55C0A5B54EA86081E1459A15 /* [CP] Check Pods Manifest.lock */ = {
			isa = PBXShellScriptBuildPhase;
			buildActionMask = 2147483647;
			files = (
			);
			inputFileListPaths = (
			);
			inputPaths = (
				"${PODS_PODFILE_DIR_PATH}/Podfile.lock",
				"${PODS_ROOT}/Manifest.lock",
			);
			name = "[CP] Check Pods Manifest.lock";
			outputFileListPaths = (
			);
			outputPaths = (
				"$(DERIVED_FILE_DIR)/Pods-iOSUIKitTests-checkManifestLockResult.txt",
			);
			runOnlyForDeploymentPostprocessing = 0;
			shellPath = /bin/sh;
			shellScript = "diff \"${PODS_PODFILE_DIR_PATH}/Podfile.lock\" \"${PODS_ROOT}/Manifest.lock\" > /dev/null\nif [ $? != 0 ] ; then\n    # print error to STDERR\n    echo \"error: The sandbox is not in sync with the Podfile.lock. Run 'pod install' or update your CocoaPods installation.\" >&2\n    exit 1\nfi\n# This output is used by Xcode 'outputs' to avoid re-running this script phase.\necho \"SUCCESS\" > \"${SCRIPT_OUTPUT_FILE_0}\"\n";
			showEnvVarsInLog = 0;
		};
		C98023F1D8B2973C37EF0700 /* [CP] Embed Pods Frameworks */ = {
			isa = PBXShellScriptBuildPhase;
			buildActionMask = 2147483647;
			files = (
			);
			inputFileListPaths = (
			);
			name = "[CP] Embed Pods Frameworks";
			outputFileListPaths = (
			);
			runOnlyForDeploymentPostprocessing = 0;
			shellPath = /bin/sh;
			shellScript = "\"${PODS_ROOT}/Target Support Files/Pods-iOSUIKit/Pods-iOSUIKit-frameworks.sh\"\n";
			showEnvVarsInLog = 0;
		};
/* End PBXShellScriptBuildPhase section */

/* Begin PBXSourcesBuildPhase section */
		5285B60C2D3B55D3001D542E /* Sources */ = {
			isa = PBXSourcesBuildPhase;
			buildActionMask = 2147483647;
			files = (
				5285B6142D3B55D3001D542E /* iOSUIKitFramework.docc in Sources */,
			);
			runOnlyForDeploymentPostprocessing = 0;
		};
		5285B6152D3B55D3001D542E /* Sources */ = {
			isa = PBXSourcesBuildPhase;
			buildActionMask = 2147483647;
			files = (
				5285B6212D3B55D3001D542E /* iOSUIKitFrameworkTests.swift in Sources */,
			);
			runOnlyForDeploymentPostprocessing = 0;
		};
		52BE6A5C2D3A1970009C34C1 /* Sources */ = {
			isa = PBXSourcesBuildPhase;
			buildActionMask = 2147483647;
			files = (
				52BE6AB62D3B3E02009C34C1 /* DSWaitingScreenAccessibility.swift in Sources */,
				52BE6ABD2D3B3E02009C34C1 /* UIStackViewExtension.swift in Sources */,
				52BE6AB82D3B3E02009C34C1 /* DSWaitingScreenInterface.swift in Sources */,
				52BE6ABB2D3B3E02009C34C1 /* DSWaitingScreen.swift in Sources */,
				52BE6AC12D3B3E02009C34C1 /* KcsLandingViewController.swift in Sources */,
				52BE6AB72D3B3E02009C34C1 /* DSWaitingScreenDelegate.swift in Sources */,
				52BE6AC52D3B3E02009C34C1 /* KcsWaitingScreenViewController.swift in Sources */,
				52BE6A682D3A1970009C34C1 /* ViewController.swift in Sources */,
				52BE6A642D3A1970009C34C1 /* AppDelegate.swift in Sources */,
				52BE6AC32D3B3E02009C34C1 /* KcsWaitingScreenEntryPointViewController.swift in Sources */,
				52BE6AC72D3B3E02009C34C1 /* KitchenSinkNavigationView.swift in Sources */,
				52BE6ABC2D3B3E02009C34C1 /* UIImageViewExtension.swift in Sources */,
				52BE6AC92D3B3E02009C34C1 /* UIKitViewController.swift in Sources */,
				52BE6A662D3A1970009C34C1 /* SceneDelegate.swift in Sources */,
				52BE6ABE2D3B3E02009C34C1 /* UIViewExtension.swift in Sources */,
				52BE6AB52D3B3E02009C34C1 /* DSWaitingScreenViewController.swift in Sources */,
				52BE6ABA2D3B3E02009C34C1 /* WaitingScreenMediaView.swift in Sources */,
				52BE6ABF2D3B3E02009C34C1 /* KcsUIKitFlowViewController.swift in Sources */,
				52BE6AB92D3B3E02009C34C1 /* DSWaitingScreenViewModel.swift in Sources */,
			);
			runOnlyForDeploymentPostprocessing = 0;
		};
		52BE6A722D3A1972009C34C1 /* Sources */ = {
			isa = PBXSourcesBuildPhase;
			buildActionMask = 2147483647;
			files = (
				52BE6A7B2D3A1972009C34C1 /* iOSUIKitTests.swift in Sources */,
			);
			runOnlyForDeploymentPostprocessing = 0;
		};
		52BE6A7C2D3A1972009C34C1 /* Sources */ = {
			isa = PBXSourcesBuildPhase;
			buildActionMask = 2147483647;
			files = (
				52BE6A872D3A1972009C34C1 /* iOSUIKitUITestsLaunchTests.swift in Sources */,
				52BE6A852D3A1972009C34C1 /* iOSUIKitUITests.swift in Sources */,
			);
			runOnlyForDeploymentPostprocessing = 0;
		};
/* End PBXSourcesBuildPhase section */

/* Begin PBXTargetDependency section */
		5285B61C2D3B55D3001D542E /* PBXTargetDependency */ = {
			isa = PBXTargetDependency;
			target = 5285B60F2D3B55D3001D542E /* iOSUIKitFramework */;
			targetProxy = 5285B61B2D3B55D3001D542E /* PBXContainerItemProxy */;
		};
		5285B61E2D3B55D3001D542E /* PBXTargetDependency */ = {
			isa = PBXTargetDependency;
			target = 52BE6A5F2D3A1970009C34C1 /* iOSUIKit */;
			targetProxy = 5285B61D2D3B55D3001D542E /* PBXContainerItemProxy */;
		};
		5285B6242D3B55D3001D542E /* PBXTargetDependency */ = {
			isa = PBXTargetDependency;
			target = 5285B60F2D3B55D3001D542E /* iOSUIKitFramework */;
			targetProxy = 5285B6232D3B55D3001D542E /* PBXContainerItemProxy */;
		};
		52BE6A782D3A1972009C34C1 /* PBXTargetDependency */ = {
			isa = PBXTargetDependency;
			target = 52BE6A5F2D3A1970009C34C1 /* iOSUIKit */;
			targetProxy = 52BE6A772D3A1972009C34C1 /* PBXContainerItemProxy */;
		};
		52BE6A822D3A1972009C34C1 /* PBXTargetDependency */ = {
			isa = PBXTargetDependency;
			target = 52BE6A5F2D3A1970009C34C1 /* iOSUIKit */;
			targetProxy = 52BE6A812D3A1972009C34C1 /* PBXContainerItemProxy */;
		};
/* End PBXTargetDependency section */

/* Begin PBXVariantGroup section */
		52BE6A692D3A1970009C34C1 /* Main.storyboard */ = {
			isa = PBXVariantGroup;
			children = (
				52BE6A6A2D3A1970009C34C1 /* Base */,
			);
			name = Main.storyboard;
			sourceTree = "<group>";
		};
		52BE6A6E2D3A1971009C34C1 /* LaunchScreen.storyboard */ = {
			isa = PBXVariantGroup;
			children = (
				52BE6A6F2D3A1971009C34C1 /* Base */,
			);
			name = LaunchScreen.storyboard;
			sourceTree = "<group>";
		};
/* End PBXVariantGroup section */

/* Begin XCBuildConfiguration section */
		5285B6282D3B55D3001D542E /* Debug */ = {
			isa = XCBuildConfiguration;
			buildSettings = {
				BUILD_LIBRARY_FOR_DISTRIBUTION = YES;
				CODE_SIGN_STYLE = Automatic;
				CURRENT_PROJECT_VERSION = 1;
				DEFINES_MODULE = YES;
				DEVELOPMENT_TEAM = ZDU63GUB32;
				DYLIB_COMPATIBILITY_VERSION = 1;
				DYLIB_CURRENT_VERSION = 1;
				DYLIB_INSTALL_NAME_BASE = "@rpath";
				ENABLE_MODULE_VERIFIER = YES;
				GENERATE_INFOPLIST_FILE = YES;
				INFOPLIST_KEY_NSHumanReadableCopyright = "";
				INSTALL_PATH = "$(LOCAL_LIBRARY_DIR)/Frameworks";
				LD_RUNPATH_SEARCH_PATHS = (
					"$(inherited)",
					"@executable_path/Frameworks",
					"@loader_path/Frameworks",
				);
				MARKETING_VERSION = 1.0;
				MODULE_VERIFIER_SUPPORTED_LANGUAGES = "objective-c objective-c++";
				MODULE_VERIFIER_SUPPORTED_LANGUAGE_STANDARDS = "gnu17 gnu++20";
				PRODUCT_BUNDLE_IDENTIFIER = "oneapp-designsystem-ios-UIKit.iOSUIKitFramework";
				PRODUCT_NAME = "$(TARGET_NAME:c99extidentifier)";
				SKIP_INSTALL = YES;
				SWIFT_EMIT_LOC_STRINGS = YES;
				SWIFT_INSTALL_OBJC_HEADER = NO;
				SWIFT_VERSION = 5.0;
				TARGETED_DEVICE_FAMILY = "1,2";
				VERSIONING_SYSTEM = "apple-generic";
				VERSION_INFO_PREFIX = "";
			};
			name = Debug;
		};
		5285B6292D3B55D3001D542E /* Release */ = {
			isa = XCBuildConfiguration;
			buildSettings = {
				BUILD_LIBRARY_FOR_DISTRIBUTION = YES;
				CODE_SIGN_STYLE = Automatic;
				CURRENT_PROJECT_VERSION = 1;
				DEFINES_MODULE = YES;
				DEVELOPMENT_TEAM = ZDU63GUB32;
				DYLIB_COMPATIBILITY_VERSION = 1;
				DYLIB_CURRENT_VERSION = 1;
				DYLIB_INSTALL_NAME_BASE = "@rpath";
				ENABLE_MODULE_VERIFIER = YES;
				GENERATE_INFOPLIST_FILE = YES;
				INFOPLIST_KEY_NSHumanReadableCopyright = "";
				INSTALL_PATH = "$(LOCAL_LIBRARY_DIR)/Frameworks";
				LD_RUNPATH_SEARCH_PATHS = (
					"$(inherited)",
					"@executable_path/Frameworks",
					"@loader_path/Frameworks",
				);
				MARKETING_VERSION = 1.0;
				MODULE_VERIFIER_SUPPORTED_LANGUAGES = "objective-c objective-c++";
				MODULE_VERIFIER_SUPPORTED_LANGUAGE_STANDARDS = "gnu17 gnu++20";
				PRODUCT_BUNDLE_IDENTIFIER = "oneapp-designsystem-ios-UIKit.iOSUIKitFramework";
				PRODUCT_NAME = "$(TARGET_NAME:c99extidentifier)";
				SKIP_INSTALL = YES;
				SWIFT_EMIT_LOC_STRINGS = YES;
				SWIFT_INSTALL_OBJC_HEADER = NO;
				SWIFT_VERSION = 5.0;
				TARGETED_DEVICE_FAMILY = "1,2";
				VERSIONING_SYSTEM = "apple-generic";
				VERSION_INFO_PREFIX = "";
			};
			name = Release;
		};
		5285B62A2D3B55D3001D542E /* Debug */ = {
			isa = XCBuildConfiguration;
			buildSettings = {
				ALWAYS_EMBED_SWIFT_STANDARD_LIBRARIES = YES;
				CODE_SIGN_STYLE = Automatic;
				CURRENT_PROJECT_VERSION = 1;
				DEVELOPMENT_TEAM = ZDU63GUB32;
				GENERATE_INFOPLIST_FILE = YES;
				MARKETING_VERSION = 1.0;
				PRODUCT_BUNDLE_IDENTIFIER = "oneapp-designsystem-ios-UIKit.iOSUIKitFrameworkTests";
				PRODUCT_NAME = "$(TARGET_NAME)";
				SWIFT_EMIT_LOC_STRINGS = NO;
				SWIFT_VERSION = 5.0;
				TARGETED_DEVICE_FAMILY = "1,2";
				TEST_HOST = "$(BUILT_PRODUCTS_DIR)/iOSUIKit.app/$(BUNDLE_EXECUTABLE_FOLDER_PATH)/iOSUIKit";
			};
			name = Debug;
		};
		5285B62B2D3B55D3001D542E /* Release */ = {
			isa = XCBuildConfiguration;
			buildSettings = {
				ALWAYS_EMBED_SWIFT_STANDARD_LIBRARIES = YES;
				CODE_SIGN_STYLE = Automatic;
				CURRENT_PROJECT_VERSION = 1;
				DEVELOPMENT_TEAM = ZDU63GUB32;
				GENERATE_INFOPLIST_FILE = YES;
				MARKETING_VERSION = 1.0;
				PRODUCT_BUNDLE_IDENTIFIER = "oneapp-designsystem-ios-UIKit.iOSUIKitFrameworkTests";
				PRODUCT_NAME = "$(TARGET_NAME)";
				SWIFT_EMIT_LOC_STRINGS = NO;
				SWIFT_VERSION = 5.0;
				TARGETED_DEVICE_FAMILY = "1,2";
				TEST_HOST = "$(BUILT_PRODUCTS_DIR)/iOSUIKit.app/$(BUNDLE_EXECUTABLE_FOLDER_PATH)/iOSUIKit";
			};
			name = Release;
		};
		52BE6A882D3A1972009C34C1 /* Debug */ = {
			isa = XCBuildConfiguration;
			buildSettings = {
				ALWAYS_SEARCH_USER_PATHS = NO;
				ASSETCATALOG_COMPILER_GENERATE_SWIFT_ASSET_SYMBOL_EXTENSIONS = YES;
				CLANG_ANALYZER_NONNULL = YES;
				CLANG_ANALYZER_NUMBER_OBJECT_CONVERSION = YES_AGGRESSIVE;
				CLANG_CXX_LANGUAGE_STANDARD = "gnu++20";
				CLANG_ENABLE_MODULES = YES;
				CLANG_ENABLE_OBJC_ARC = YES;
				CLANG_ENABLE_OBJC_WEAK = YES;
				CLANG_WARN_BLOCK_CAPTURE_AUTORELEASING = YES;
				CLANG_WARN_BOOL_CONVERSION = YES;
				CLANG_WARN_COMMA = YES;
				CLANG_WARN_CONSTANT_CONVERSION = YES;
				CLANG_WARN_DEPRECATED_OBJC_IMPLEMENTATIONS = YES;
				CLANG_WARN_DIRECT_OBJC_ISA_USAGE = YES_ERROR;
				CLANG_WARN_DOCUMENTATION_COMMENTS = YES;
				CLANG_WARN_EMPTY_BODY = YES;
				CLANG_WARN_ENUM_CONVERSION = YES;
				CLANG_WARN_INFINITE_RECURSION = YES;
				CLANG_WARN_INT_CONVERSION = YES;
				CLANG_WARN_NON_LITERAL_NULL_CONVERSION = YES;
				CLANG_WARN_OBJC_IMPLICIT_RETAIN_SELF = YES;
				CLANG_WARN_OBJC_LITERAL_CONVERSION = YES;
				CLANG_WARN_OBJC_ROOT_CLASS = YES_ERROR;
				CLANG_WARN_QUOTED_INCLUDE_IN_FRAMEWORK_HEADER = YES;
				CLANG_WARN_RANGE_LOOP_ANALYSIS = YES;
				CLANG_WARN_STRICT_PROTOTYPES = YES;
				CLANG_WARN_SUSPICIOUS_MOVE = YES;
				CLANG_WARN_UNGUARDED_AVAILABILITY = YES_AGGRESSIVE;
				CLANG_WARN_UNREACHABLE_CODE = YES;
				CLANG_WARN__DUPLICATE_METHOD_MATCH = YES;
				COPY_PHASE_STRIP = NO;
				DEBUG_INFORMATION_FORMAT = dwarf;
				ENABLE_STRICT_OBJC_MSGSEND = YES;
				ENABLE_TESTABILITY = YES;
				ENABLE_USER_SCRIPT_SANDBOXING = YES;
				GCC_C_LANGUAGE_STANDARD = gnu17;
				GCC_DYNAMIC_NO_PIC = NO;
				GCC_NO_COMMON_BLOCKS = YES;
				GCC_OPTIMIZATION_LEVEL = 0;
				GCC_PREPROCESSOR_DEFINITIONS = (
					"DEBUG=1",
					"$(inherited)",
				);
				GCC_WARN_64_TO_32_BIT_CONVERSION = YES;
				GCC_WARN_ABOUT_RETURN_TYPE = YES_ERROR;
				GCC_WARN_UNDECLARED_SELECTOR = YES;
				GCC_WARN_UNINITIALIZED_AUTOS = YES_AGGRESSIVE;
				GCC_WARN_UNUSED_FUNCTION = YES;
				GCC_WARN_UNUSED_VARIABLE = YES;
				IPHONEOS_DEPLOYMENT_TARGET = 17.5;
				LOCALIZATION_PREFERS_STRING_CATALOGS = YES;
				MTL_ENABLE_DEBUG_INFO = INCLUDE_SOURCE;
				MTL_FAST_MATH = YES;
				ONLY_ACTIVE_ARCH = YES;
				SDKROOT = iphoneos;
				SWIFT_ACTIVE_COMPILATION_CONDITIONS = "DEBUG $(inherited)";
				SWIFT_OPTIMIZATION_LEVEL = "-Onone";
			};
			name = Debug;
		};
		52BE6A892D3A1972009C34C1 /* Release */ = {
			isa = XCBuildConfiguration;
			buildSettings = {
				ALWAYS_SEARCH_USER_PATHS = NO;
				ASSETCATALOG_COMPILER_GENERATE_SWIFT_ASSET_SYMBOL_EXTENSIONS = YES;
				CLANG_ANALYZER_NONNULL = YES;
				CLANG_ANALYZER_NUMBER_OBJECT_CONVERSION = YES_AGGRESSIVE;
				CLANG_CXX_LANGUAGE_STANDARD = "gnu++20";
				CLANG_ENABLE_MODULES = YES;
				CLANG_ENABLE_OBJC_ARC = YES;
				CLANG_ENABLE_OBJC_WEAK = YES;
				CLANG_WARN_BLOCK_CAPTURE_AUTORELEASING = YES;
				CLANG_WARN_BOOL_CONVERSION = YES;
				CLANG_WARN_COMMA = YES;
				CLANG_WARN_CONSTANT_CONVERSION = YES;
				CLANG_WARN_DEPRECATED_OBJC_IMPLEMENTATIONS = YES;
				CLANG_WARN_DIRECT_OBJC_ISA_USAGE = YES_ERROR;
				CLANG_WARN_DOCUMENTATION_COMMENTS = YES;
				CLANG_WARN_EMPTY_BODY = YES;
				CLANG_WARN_ENUM_CONVERSION = YES;
				CLANG_WARN_INFINITE_RECURSION = YES;
				CLANG_WARN_INT_CONVERSION = YES;
				CLANG_WARN_NON_LITERAL_NULL_CONVERSION = YES;
				CLANG_WARN_OBJC_IMPLICIT_RETAIN_SELF = YES;
				CLANG_WARN_OBJC_LITERAL_CONVERSION = YES;
				CLANG_WARN_OBJC_ROOT_CLASS = YES_ERROR;
				CLANG_WARN_QUOTED_INCLUDE_IN_FRAMEWORK_HEADER = YES;
				CLANG_WARN_RANGE_LOOP_ANALYSIS = YES;
				CLANG_WARN_STRICT_PROTOTYPES = YES;
				CLANG_WARN_SUSPICIOUS_MOVE = YES;
				CLANG_WARN_UNGUARDED_AVAILABILITY = YES_AGGRESSIVE;
				CLANG_WARN_UNREACHABLE_CODE = YES;
				CLANG_WARN__DUPLICATE_METHOD_MATCH = YES;
				COPY_PHASE_STRIP = NO;
				DEBUG_INFORMATION_FORMAT = "dwarf-with-dsym";
				ENABLE_NS_ASSERTIONS = NO;
				ENABLE_STRICT_OBJC_MSGSEND = YES;
				ENABLE_USER_SCRIPT_SANDBOXING = YES;
				GCC_C_LANGUAGE_STANDARD = gnu17;
				GCC_NO_COMMON_BLOCKS = YES;
				GCC_WARN_64_TO_32_BIT_CONVERSION = YES;
				GCC_WARN_ABOUT_RETURN_TYPE = YES_ERROR;
				GCC_WARN_UNDECLARED_SELECTOR = YES;
				GCC_WARN_UNINITIALIZED_AUTOS = YES_AGGRESSIVE;
				GCC_WARN_UNUSED_FUNCTION = YES;
				GCC_WARN_UNUSED_VARIABLE = YES;
				IPHONEOS_DEPLOYMENT_TARGET = 17.5;
				LOCALIZATION_PREFERS_STRING_CATALOGS = YES;
				MTL_ENABLE_DEBUG_INFO = NO;
				MTL_FAST_MATH = YES;
				SDKROOT = iphoneos;
				SWIFT_COMPILATION_MODE = wholemodule;
				VALIDATE_PRODUCT = YES;
			};
			name = Release;
		};
		52BE6A8B2D3A1972009C34C1 /* Debug */ = {
			isa = XCBuildConfiguration;
			baseConfigurationReference = 340FD72ED0D08CD9342B54C2 /* Pods-iOSUIKit.debug.xcconfig */;
			buildSettings = {
				ASSETCATALOG_COMPILER_APPICON_NAME = AppIcon;
				ASSETCATALOG_COMPILER_GLOBAL_ACCENT_COLOR_NAME = AccentColor;
				CODE_SIGN_STYLE = Automatic;
				CURRENT_PROJECT_VERSION = 1;
				DEVELOPMENT_TEAM = ZDU63GUB32;
				ENABLE_USER_SCRIPT_SANDBOXING = NO;
				GENERATE_INFOPLIST_FILE = YES;
				INFOPLIST_FILE = iOSUIKit/Info.plist;
				INFOPLIST_KEY_UIApplicationSupportsIndirectInputEvents = YES;
				INFOPLIST_KEY_UILaunchStoryboardName = LaunchScreen;
				INFOPLIST_KEY_UIMainStoryboardFile = Main;
				INFOPLIST_KEY_UISupportedInterfaceOrientations_iPad = "UIInterfaceOrientationPortrait UIInterfaceOrientationPortraitUpsideDown UIInterfaceOrientationLandscapeLeft UIInterfaceOrientationLandscapeRight";
				INFOPLIST_KEY_UISupportedInterfaceOrientations_iPhone = "UIInterfaceOrientationPortrait UIInterfaceOrientationLandscapeLeft UIInterfaceOrientationLandscapeRight";
				LD_RUNPATH_SEARCH_PATHS = (
					"$(inherited)",
					"@executable_path/Frameworks",
				);
				MARKETING_VERSION = 1.0;
				PRODUCT_BUNDLE_IDENTIFIER = "oneapp-designsystem-ios-UIKit.iOSUIKit";
				PRODUCT_NAME = "$(TARGET_NAME)";
				SWIFT_EMIT_LOC_STRINGS = YES;
				SWIFT_VERSION = 5.0;
				TARGETED_DEVICE_FAMILY = "1,2";
			};
			name = Debug;
		};
		52BE6A8C2D3A1972009C34C1 /* Release */ = {
			isa = XCBuildConfiguration;
			baseConfigurationReference = 57EEEF9853D1AF3A652C7018 /* Pods-iOSUIKit.release.xcconfig */;
			buildSettings = {
				ASSETCATALOG_COMPILER_APPICON_NAME = AppIcon;
				ASSETCATALOG_COMPILER_GLOBAL_ACCENT_COLOR_NAME = AccentColor;
				CODE_SIGN_STYLE = Automatic;
				CURRENT_PROJECT_VERSION = 1;
				DEVELOPMENT_TEAM = ZDU63GUB32;
				ENABLE_USER_SCRIPT_SANDBOXING = NO;
				GENERATE_INFOPLIST_FILE = YES;
				INFOPLIST_FILE = iOSUIKit/Info.plist;
				INFOPLIST_KEY_UIApplicationSupportsIndirectInputEvents = YES;
				INFOPLIST_KEY_UILaunchStoryboardName = LaunchScreen;
				INFOPLIST_KEY_UIMainStoryboardFile = Main;
				INFOPLIST_KEY_UISupportedInterfaceOrientations_iPad = "UIInterfaceOrientationPortrait UIInterfaceOrientationPortraitUpsideDown UIInterfaceOrientationLandscapeLeft UIInterfaceOrientationLandscapeRight";
				INFOPLIST_KEY_UISupportedInterfaceOrientations_iPhone = "UIInterfaceOrientationPortrait UIInterfaceOrientationLandscapeLeft UIInterfaceOrientationLandscapeRight";
				LD_RUNPATH_SEARCH_PATHS = (
					"$(inherited)",
					"@executable_path/Frameworks",
				);
				MARKETING_VERSION = 1.0;
				PRODUCT_BUNDLE_IDENTIFIER = "oneapp-designsystem-ios-UIKit.iOSUIKit";
				PRODUCT_NAME = "$(TARGET_NAME)";
				SWIFT_EMIT_LOC_STRINGS = YES;
				SWIFT_VERSION = 5.0;
				TARGETED_DEVICE_FAMILY = "1,2";
			};
			name = Release;
		};
		52BE6A8E2D3A1972009C34C1 /* Debug */ = {
			isa = XCBuildConfiguration;
			baseConfigurationReference = 85CE3423D55962BC1CD91589 /* Pods-iOSUIKitTests.debug.xcconfig */;
			buildSettings = {
				ALWAYS_EMBED_SWIFT_STANDARD_LIBRARIES = YES;
				BUNDLE_LOADER = "$(TEST_HOST)";
				CODE_SIGN_STYLE = Automatic;
				CURRENT_PROJECT_VERSION = 1;
				DEVELOPMENT_TEAM = ZDU63GUB32;
				GENERATE_INFOPLIST_FILE = YES;
				IPHONEOS_DEPLOYMENT_TARGET = 17.5;
				MARKETING_VERSION = 1.0;
				PRODUCT_BUNDLE_IDENTIFIER = "oneapp-designsystem-ios-UIKit.iOSUIKitTests";
				PRODUCT_NAME = "$(TARGET_NAME)";
				SWIFT_EMIT_LOC_STRINGS = NO;
				SWIFT_VERSION = 5.0;
				TARGETED_DEVICE_FAMILY = "1,2";
				TEST_HOST = "$(BUILT_PRODUCTS_DIR)/iOSUIKit.app/$(BUNDLE_EXECUTABLE_FOLDER_PATH)/iOSUIKit";
			};
			name = Debug;
		};
		52BE6A8F2D3A1972009C34C1 /* Release */ = {
			isa = XCBuildConfiguration;
			baseConfigurationReference = DCBCEA6EAE94E6001BBB38A6 /* Pods-iOSUIKitTests.release.xcconfig */;
			buildSettings = {
				ALWAYS_EMBED_SWIFT_STANDARD_LIBRARIES = YES;
				BUNDLE_LOADER = "$(TEST_HOST)";
				CODE_SIGN_STYLE = Automatic;
				CURRENT_PROJECT_VERSION = 1;
				DEVELOPMENT_TEAM = ZDU63GUB32;
				GENERATE_INFOPLIST_FILE = YES;
				IPHONEOS_DEPLOYMENT_TARGET = 17.5;
				MARKETING_VERSION = 1.0;
				PRODUCT_BUNDLE_IDENTIFIER = "oneapp-designsystem-ios-UIKit.iOSUIKitTests";
				PRODUCT_NAME = "$(TARGET_NAME)";
				SWIFT_EMIT_LOC_STRINGS = NO;
				SWIFT_VERSION = 5.0;
				TARGETED_DEVICE_FAMILY = "1,2";
				TEST_HOST = "$(BUILT_PRODUCTS_DIR)/iOSUIKit.app/$(BUNDLE_EXECUTABLE_FOLDER_PATH)/iOSUIKit";
			};
			name = Release;
		};
		52BE6A912D3A1972009C34C1 /* Debug */ = {
			isa = XCBuildConfiguration;
			baseConfigurationReference = 44BAD09AFD6442BC38E5919E /* Pods-iOSUIKit-iOSUIKitUITests.debug.xcconfig */;
			buildSettings = {
				ALWAYS_EMBED_SWIFT_STANDARD_LIBRARIES = YES;
				CODE_SIGN_STYLE = Automatic;
				CURRENT_PROJECT_VERSION = 1;
				DEVELOPMENT_TEAM = ZDU63GUB32;
				GENERATE_INFOPLIST_FILE = YES;
				MARKETING_VERSION = 1.0;
				PRODUCT_BUNDLE_IDENTIFIER = "oneapp-designsystem-ios-UIKit.iOSUIKitUITests";
				PRODUCT_NAME = "$(TARGET_NAME)";
				SWIFT_EMIT_LOC_STRINGS = NO;
				SWIFT_VERSION = 5.0;
				TARGETED_DEVICE_FAMILY = "1,2";
				TEST_TARGET_NAME = iOSUIKit;
			};
			name = Debug;
		};
		52BE6A922D3A1972009C34C1 /* Release */ = {
			isa = XCBuildConfiguration;
			baseConfigurationReference = 55C5497C0D82C002EC5AB8F3 /* Pods-iOSUIKit-iOSUIKitUITests.release.xcconfig */;
			buildSettings = {
				ALWAYS_EMBED_SWIFT_STANDARD_LIBRARIES = YES;
				CODE_SIGN_STYLE = Automatic;
				CURRENT_PROJECT_VERSION = 1;
				DEVELOPMENT_TEAM = ZDU63GUB32;
				GENERATE_INFOPLIST_FILE = YES;
				MARKETING_VERSION = 1.0;
				PRODUCT_BUNDLE_IDENTIFIER = "oneapp-designsystem-ios-UIKit.iOSUIKitUITests";
				PRODUCT_NAME = "$(TARGET_NAME)";
				SWIFT_EMIT_LOC_STRINGS = NO;
				SWIFT_VERSION = 5.0;
				TARGETED_DEVICE_FAMILY = "1,2";
				TEST_TARGET_NAME = iOSUIKit;
			};
			name = Release;
		};
/* End XCBuildConfiguration section */

/* Begin XCConfigurationList section */
		5285B62C2D3B55D3001D542E /* Build configuration list for PBXNativeTarget "iOSUIKitFramework" */ = {
			isa = XCConfigurationList;
			buildConfigurations = (
				5285B6282D3B55D3001D542E /* Debug */,
				5285B6292D3B55D3001D542E /* Release */,
			);
			defaultConfigurationIsVisible = 0;
			defaultConfigurationName = Release;
		};
		5285B62D2D3B55D3001D542E /* Build configuration list for PBXNativeTarget "iOSUIKitFrameworkTests" */ = {
			isa = XCConfigurationList;
			buildConfigurations = (
				5285B62A2D3B55D3001D542E /* Debug */,
				5285B62B2D3B55D3001D542E /* Release */,
			);
			defaultConfigurationIsVisible = 0;
			defaultConfigurationName = Release;
		};
		52BE6A5B2D3A1970009C34C1 /* Build configuration list for PBXProject "iOSUIKit" */ = {
			isa = XCConfigurationList;
			buildConfigurations = (
				52BE6A882D3A1972009C34C1 /* Debug */,
				52BE6A892D3A1972009C34C1 /* Release */,
			);
			defaultConfigurationIsVisible = 0;
			defaultConfigurationName = Release;
		};
		52BE6A8A2D3A1972009C34C1 /* Build configuration list for PBXNativeTarget "iOSUIKit" */ = {
			isa = XCConfigurationList;
			buildConfigurations = (
				52BE6A8B2D3A1972009C34C1 /* Debug */,
				52BE6A8C2D3A1972009C34C1 /* Release */,
			);
			defaultConfigurationIsVisible = 0;
			defaultConfigurationName = Release;
		};
		52BE6A8D2D3A1972009C34C1 /* Build configuration list for PBXNativeTarget "iOSUIKitTests" */ = {
			isa = XCConfigurationList;
			buildConfigurations = (
				52BE6A8E2D3A1972009C34C1 /* Debug */,
				52BE6A8F2D3A1972009C34C1 /* Release */,
			);
			defaultConfigurationIsVisible = 0;
			defaultConfigurationName = Release;
		};
		52BE6A902D3A1972009C34C1 /* Build configuration list for PBXNativeTarget "iOSUIKitUITests" */ = {
			isa = XCConfigurationList;
			buildConfigurations = (
				52BE6A912D3A1972009C34C1 /* Debug */,
				52BE6A922D3A1972009C34C1 /* Release */,
			);
			defaultConfigurationIsVisible = 0;
			defaultConfigurationName = Release;
		};
/* End XCConfigurationList section */
	};
	rootObject = 52BE6A582D3A1970009C34C1 /* Project object */;
}
